{
	"name": "@react-typed-hooks/use-window-size",
	"version": "1.0.0-alpha.2",
	"lockfileVersion": 1,
	"requires": true,
	"dependencies": {
		"@types/lodash": {
			"version": "4.14.156",
			"resolved": "https://registry.npmjs.org/@types/lodash/-/lodash-4.14.156.tgz",
			"integrity": "sha512-l2AgHXcKUwx2DsvP19wtRPqZ4NkONjmorOdq4sMcxIjqdIuuV/ULo2ftuv4NUpevwfW7Ju/UKLqo0ZXuEt/8lQ=="
		},
		"lodash": {
			"version": "4.17.15",
			"resolved": "https://registry.npmjs.org/lodash/-/lodash-4.17.15.tgz",
			"integrity": "sha512-8xOcRHvCjnocdS5cpwXQXVzmmh5e5+saE2QGoeQmbKmRS6J3VQppPOIt0MnmE+4xlZoumy0GPG0D0MVIQbNA1A=="
		}
	}
}
