{
	"name": "@react-typed-hooks/use-window-size",
	"version": "1.0.0",
	"lockfileVersion": 1,
	"requires": true,
	"dependencies": {
		"@types/lodash": {
			"version": "4.14.159",
			"resolved": "https://registry.npmjs.org/@types/lodash/-/lodash-4.14.159.tgz",
			"integrity": "sha512-gF7A72f7WQN33DpqOWw9geApQPh4M3PxluMtaHxWHXEGSN12/WbcEk/eNSqWNQcQhF66VSZ06vCF94CrHwXJDg=="
		},
		"lodash": {
			"version": "4.17.20",
			"resolved": "https://registry.npmjs.org/lodash/-/lodash-4.17.20.tgz",
			"integrity": "sha512-PlhdFcillOINfeV7Ni6oF1TAEayyZBoZ8bcshTHqOYJYlrqzRK5hagpagky5o4HfCzzd1TRkXPMFq6cKk9rGmA=="
		}
	}
}
